
Microsoft Visual Studio Solution File, Format Version 12.00
# Visual Studio Version 17
VisualStudioVersion = 17.9.34607.119
MinimumVisualStudioVersion = 10.0.40219.1
Project("{9A19103F-16F7-4668-BE54-9A1E7A4F7556}") = "CompanyEmployees", "CompanyEmployees\CompanyEmployees.csproj", "{EBDC646E-1E85-4897-8488-327515AEA71D}"
EndProject
Project("{9A19103F-16F7-4668-BE54-9A1E7A4F7556}") = "Contracts", "Contracts\Contracts.csproj", "{57B81C6D-92A3-4AB8-9DEA-5961671AE025}"
EndProject
Project("{9A19103F-16F7-4668-BE54-9A1E7A4F7556}") = "LoggerService", "LoggerService\LoggerService.csproj", "{B49DBD87-DBB4-45C3-8BAA-1B6D7C081E37}"
EndProject
Project("{9A19103F-16F7-4668-BE54-9A1E7A4F7556}") = "Repository", "Repository\Repository.csproj", "{A0F0946F-53EF-4AED-8E91-5EA3A3070563}"
EndProject
Project("{9A19103F-16F7-4668-BE54-9A1E7A4F7556}") = "Entities", "Entities\Entities.csproj", "{A0C549B9-7218-4DEE-9F9E-CFAAA7C37667}"
EndProject
Project("{9A19103F-16F7-4668-BE54-9A1E7A4F7556}") = "CompanyEmployees.Presentation", "CompanyEmployees.Presentation\CompanyEmployees.Presentation.csproj", "{19505D86-5947-46BD-BE2B-71D65A6806EB}"
EndProject
Project("{9A19103F-16F7-4668-BE54-9A1E7A4F7556}") = "Shared", "Shared\Shared.csproj", "{1DAAA44E-228C-489E-A6DB-6ACDFA62FDE0}"
EndProject
Global
	GlobalSection(SolutionConfigurationPlatforms) = preSolution
		Debug|Any CPU = Debug|Any CPU
		Release|Any CPU = Release|Any CPU
	EndGlobalSection
	GlobalSection(ProjectConfigurationPlatforms) = postSolution
		{EBDC646E-1E85-4897-8488-327515AEA71D}.Debug|Any CPU.ActiveCfg = Debug|Any CPU
		{EBDC646E-1E85-4897-8488-327515AEA71D}.Debug|Any CPU.Build.0 = Debug|Any CPU
		{EBDC646E-1E85-4897-8488-327515AEA71D}.Release|Any CPU.ActiveCfg = Release|Any CPU
		{EBDC646E-1E85-4897-8488-327515AEA71D}.Release|Any CPU.Build.0 = Release|Any CPU
		{57B81C6D-92A3-4AB8-9DEA-5961671AE025}.Debug|Any CPU.ActiveCfg = Debug|Any CPU
		{57B81C6D-92A3-4AB8-9DEA-5961671AE025}.Debug|Any CPU.Build.0 = Debug|Any CPU
		{57B81C6D-92A3-4AB8-9DEA-5961671AE025}.Release|Any CPU.ActiveCfg = Release|Any CPU
		{57B81C6D-92A3-4AB8-9DEA-5961671AE025}.Release|Any CPU.Build.0 = Release|Any CPU
		{B49DBD87-DBB4-45C3-8BAA-1B6D7C081E37}.Debug|Any CPU.ActiveCfg = Debug|Any CPU
		{B49DBD87-DBB4-45C3-8BAA-1B6D7C081E37}.Debug|Any CPU.Build.0 = Debug|Any CPU
		{B49DBD87-DBB4-45C3-8BAA-1B6D7C081E37}.Release|Any CPU.ActiveCfg = Release|Any CPU
		{B49DBD87-DBB4-45C3-8BAA-1B6D7C081E37}.Release|Any CPU.Build.0 = Release|Any CPU
		{A0F0946F-53EF-4AED-8E91-5EA3A3070563}.Debug|Any CPU.ActiveCfg = Debug|Any CPU
		{A0F0946F-53EF-4AED-8E91-5EA3A3070563}.Debug|Any CPU.Build.0 = Debug|Any CPU
		{A0F0946F-53EF-4AED-8E91-5EA3A3070563}.Release|Any CPU.ActiveCfg = Release|Any CPU
		{A0F0946F-53EF-4AED-8E91-5EA3A3070563}.Release|Any CPU.Build.0 = Release|Any CPU
		{A0C549B9-7218-4DEE-9F9E-CFAAA7C37667}.Debug|Any CPU.ActiveCfg = Debug|Any CPU
		{A0C549B9-7218-4DEE-9F9E-CFAAA7C37667}.Debug|Any CPU.Build.0 = Debug|Any CPU
		{A0C549B9-7218-4DEE-9F9E-CFAAA7C37667}.Release|Any CPU.ActiveCfg = Release|Any CPU
		{A0C549B9-7218-4DEE-9F9E-CFAAA7C37667}.Release|Any CPU.Build.0 = Release|Any CPU
		{19505D86-5947-46BD-BE2B-71D65A6806EB}.Debug|Any CPU.ActiveCfg = Debug|Any CPU
		{19505D86-5947-46BD-BE2B-71D65A6806EB}.Debug|Any CPU.Build.0 = Debug|Any CPU
		{19505D86-5947-46BD-BE2B-71D65A6806EB}.Release|Any CPU.ActiveCfg = Release|Any CPU
		{19505D86-5947-46BD-BE2B-71D65A6806EB}.Release|Any CPU.Build.0 = Release|Any CPU
		{1DAAA44E-228C-489E-A6DB-6ACDFA62FDE0}.Debug|Any CPU.ActiveCfg = Debug|Any CPU
		{1DAAA44E-228C-489E-A6DB-6ACDFA62FDE0}.Debug|Any CPU.Build.0 = Debug|Any CPU
		{1DAAA44E-228C-489E-A6DB-6ACDFA62FDE0}.Release|Any CPU.ActiveCfg = Release|Any CPU
		{1DAAA44E-228C-489E-A6DB-6ACDFA62FDE0}.Release|Any CPU.Build.0 = Release|Any CPU
	EndGlobalSection
	GlobalSection(SolutionProperties) = preSolution
		HideSolutionNode = FALSE
	EndGlobalSection
	GlobalSection(ExtensibilityGlobals) = postSolution
		SolutionGuid = {4ABAD53F-94FD-4A9C-A387-9046B9AE279A}
	EndGlobalSection
EndGlobal
