
Microsoft Visual Studio Solution File, Format Version 12.00
# Visual Studio Version 17
VisualStudioVersion = 17.9.34607.119
MinimumVisualStudioVersion = 10.0.40219.1
Project("{FAE04EC0-301F-11D3-BF4B-00C04F79EFBC}") = "CompanyEmployees", "CompanyEmployees\CompanyEmployees.csproj", "{EBDC646E-1E85-4897-8488-327515AEA71D}"
EndProject
Project("{FAE04EC0-301F-11D3-BF4B-00C04F79EFBC}") = "Contracts", "Contracts\Contracts.csproj", "{57B81C6D-92A3-4AB8-9DEA-5961671AE025}"
EndProject
Project("{FAE04EC0-301F-11D3-BF4B-00C04F79EFBC}") = "LoggerService", "LoggerService\LoggerService.csproj", "{B49DBD87-DBB4-45C3-8BAA-1B6D7C081E37}"
EndProject
Global
	GlobalSection(SolutionConfigurationPlatforms) = preSolution
		Debug|Any CPU = Debug|Any CPU
		Release|Any CPU = Release|Any CPU
	EndGlobalSection
	GlobalSection(ProjectConfigurationPlatforms) = postSolution
		{EBDC646E-1E85-4897-8488-327515AEA71D}.Debug|Any CPU.ActiveCfg = Debug|Any CPU
		{EBDC646E-1E85-4897-8488-327515AEA71D}.Debug|Any CPU.Build.0 = Debug|Any CPU
		{EBDC646E-1E85-4897-8488-327515AEA71D}.Release|Any CPU.ActiveCfg = Release|Any CPU
		{EBDC646E-1E85-4897-8488-327515AEA71D}.Release|Any CPU.Build.0 = Release|Any CPU
		{57B81C6D-92A3-4AB8-9DEA-5961671AE025}.Debug|Any CPU.ActiveCfg = Debug|Any CPU
		{57B81C6D-92A3-4AB8-9DEA-5961671AE025}.Debug|Any CPU.Build.0 = Debug|Any CPU
		{57B81C6D-92A3-4AB8-9DEA-5961671AE025}.Release|Any CPU.ActiveCfg = Release|Any CPU
		{57B81C6D-92A3-4AB8-9DEA-5961671AE025}.Release|Any CPU.Build.0 = Release|Any CPU
		{B49DBD87-DBB4-45C3-8BAA-1B6D7C081E37}.Debug|Any CPU.ActiveCfg = Debug|Any CPU
		{B49DBD87-DBB4-45C3-8BAA-1B6D7C081E37}.Debug|Any CPU.Build.0 = Debug|Any CPU
		{B49DBD87-DBB4-45C3-8BAA-1B6D7C081E37}.Release|Any CPU.ActiveCfg = Release|Any CPU
		{B49DBD87-DBB4-45C3-8BAA-1B6D7C081E37}.Release|Any CPU.Build.0 = Release|Any CPU
	EndGlobalSection
	GlobalSection(SolutionProperties) = preSolution
		HideSolutionNode = FALSE
	EndGlobalSection
	GlobalSection(ExtensibilityGlobals) = postSolution
		SolutionGuid = {4ABAD53F-94FD-4A9C-A387-9046B9AE279A}
	EndGlobalSection
EndGlobal
